
Microsoft Visual Studio Solution File, Format Version 12.00
# Visual Studio Version 16
VisualStudioVersion = 16.0.29728.190
MinimumVisualStudioVersion = 10.0.40219.1
Project("{9A19103F-16F7-4668-BE54-9A1E7A4F7556}") = "1DrawingAShape", "RevisingBasicsC\1DrawingAShape.csproj", "{3C7AA20D-C497-40FC-B3DB-8DEBA0127C7C}"
EndProject
Project("{9A19103F-16F7-4668-BE54-9A1E7A4F7556}") = "2Variables", "Variables\2Variables.csproj", "{181D295D-AF6A-4A48-A654-C65291199FB9}"
EndProject
Project("{9A19103F-16F7-4668-BE54-9A1E7A4F7556}") = "3DataTypes", "DataTypes\3DataTypes.csproj", "{843E7659-0623-4A40-A2F8-5376D2BAB0D4}"
EndProject
Project("{9A19103F-16F7-4668-BE54-9A1E7A4F7556}") = "4WorkingWithStrings", "WorkingWithStrings\4WorkingWithStrings.csproj", "{8359C925-A965-4D4B-987D-88E927B54361}"
EndProject
Project("{9A19103F-16F7-4668-BE54-9A1E7A4F7556}") = "5WorkingWithNumbers", "WorkingWithNumbers\5WorkingWithNumbers.csproj", "{FEDD4D48-6E01-45A8-A0E7-C95015D8920C}"
EndProject
Project("{9A19103F-16F7-4668-BE54-9A1E7A4F7556}") = "6GettingUserInput", "GettingUserinput\6GettingUserInput.csproj", "{F0A8B77C-2C37-4C12-B568-9FAE9AF9C031}"
EndProject
Project("{9A19103F-16F7-4668-BE54-9A1E7A4F7556}") = "7Arrays", "7Arrays\7Arrays.csproj", "{EC0472E9-9EB8-4C7D-B793-9725909CD3E8}"
EndProject
Project("{9A19103F-16F7-4668-BE54-9A1E7A4F7556}") = "8Functions", "8Methods\8Functions.csproj", "{4DE8A8A2-1A32-48BF-947E-AB722E7299F5}"
EndProject
Project("{9A19103F-16F7-4668-BE54-9A1E7A4F7556}") = "9ReturnStatement", "9ReturnStatement\9ReturnStatement.csproj", "{391B21DB-8BE1-4F8E-95A8-38958B5EDF89}"
EndProject
Project("{9A19103F-16F7-4668-BE54-9A1E7A4F7556}") = "10IfStatements", "10IfStatements\10IfStatements.csproj", "{B7DD9F64-F2BD-4D6D-AC22-E810113BE1D6}"
EndProject
Project("{9A19103F-16F7-4668-BE54-9A1E7A4F7556}") = "11MoreIfStatements", "11MoreIfStatements\11MoreIfStatements.csproj", "{4470E202-9EE7-4A78-8A92-6AB96236EA1F}"
EndProject
Project("{9A19103F-16F7-4668-BE54-9A1E7A4F7556}") = "12BuildingABetterCalculator", "12BuildingABetterCalculator\12BuildingABetterCalculator.csproj", "{0916F1FA-9D01-4B2F-90F0-34547DBD61C7}"
EndProject
Project("{FAE04EC0-301F-11D3-BF4B-00C04F79EFBC}") = "13SwitchStatements", "13SwitchStatements\13SwitchStatements.csproj", "{9356BD0F-DEF9-45AB-8433-B398B30278FF}"
EndProject
Project("{FAE04EC0-301F-11D3-BF4B-00C04F79EFBC}") = "14WhileLoops", "14WhileLoops\14WhileLoops.csproj", "{7F62F7A4-A5D0-4BD9-8F53-EA1524765ACC}"
EndProject
Project("{FAE04EC0-301F-11D3-BF4B-00C04F79EFBC}") = "15BuildingAGuessingGame", "15BuildingAGuessingGame\15BuildingAGuessingGame.csproj", "{162CF279-63B8-4EDB-AFF6-52FD64FCCB1B}"
EndProject
Project("{FAE04EC0-301F-11D3-BF4B-00C04F79EFBC}") = "16ForLoops", "16ForLoops\16ForLoops.csproj", "{DFF285C3-5681-4648-A4DA-E74B4905F40B}"
EndProject
Project("{FAE04EC0-301F-11D3-BF4B-00C04F79EFBC}") = "17BuildingAnExponentMethod", "17BuildingAnExponentMethod\17BuildingAnExponentMethod.csproj", "{7554B2C0-7D65-46C9-AD9D-C864FE58916E}"
EndProject
Project("{FAE04EC0-301F-11D3-BF4B-00C04F79EFBC}") = "182DArrays", "182DArrays\182DArrays.csproj", "{6BB3373A-7637-45F8-926A-2BC20CAE8109}"
EndProject
Project("{FAE04EC0-301F-11D3-BF4B-00C04F79EFBC}") = "19Comments", "19Comments\19Comments.csproj", "{84E20EE6-4485-4B03-8BD4-4CDDA843BE27}"
EndProject
Project("{FAE04EC0-301F-11D3-BF4B-00C04F79EFBC}") = "20ExceptionHandling", "20ExceptionHandling\20ExceptionHandling.csproj", "{81B23E7D-2111-4E3B-BD60-BA2DC860991B}"
EndProject
Project("{FAE04EC0-301F-11D3-BF4B-00C04F79EFBC}") = "21ClassesAndObjects", "21ClassesAndObjects\21ClassesAndObjects.csproj", "{22037736-3348-4A6F-8684-1ACAB50DE7E9}"
EndProject
Project("{FAE04EC0-301F-11D3-BF4B-00C04F79EFBC}") = "22ObjectMethods", "22ObjectMethods\22ObjectMethods.csproj", "{38651094-65D5-454A-9FAB-70DA5A678015}"
EndProject
Global
	GlobalSection(SolutionConfigurationPlatforms) = preSolution
		Debug|Any CPU = Debug|Any CPU
		Release|Any CPU = Release|Any CPU
	EndGlobalSection
	GlobalSection(ProjectConfigurationPlatforms) = postSolution
		{3C7AA20D-C497-40FC-B3DB-8DEBA0127C7C}.Debug|Any CPU.ActiveCfg = Debug|Any CPU
		{3C7AA20D-C497-40FC-B3DB-8DEBA0127C7C}.Debug|Any CPU.Build.0 = Debug|Any CPU
		{3C7AA20D-C497-40FC-B3DB-8DEBA0127C7C}.Release|Any CPU.ActiveCfg = Release|Any CPU
		{3C7AA20D-C497-40FC-B3DB-8DEBA0127C7C}.Release|Any CPU.Build.0 = Release|Any CPU
		{181D295D-AF6A-4A48-A654-C65291199FB9}.Debug|Any CPU.ActiveCfg = Debug|Any CPU
		{181D295D-AF6A-4A48-A654-C65291199FB9}.Debug|Any CPU.Build.0 = Debug|Any CPU
		{181D295D-AF6A-4A48-A654-C65291199FB9}.Release|Any CPU.ActiveCfg = Release|Any CPU
		{181D295D-AF6A-4A48-A654-C65291199FB9}.Release|Any CPU.Build.0 = Release|Any CPU
		{843E7659-0623-4A40-A2F8-5376D2BAB0D4}.Debug|Any CPU.ActiveCfg = Debug|Any CPU
		{843E7659-0623-4A40-A2F8-5376D2BAB0D4}.Debug|Any CPU.Build.0 = Debug|Any CPU
		{843E7659-0623-4A40-A2F8-5376D2BAB0D4}.Release|Any CPU.ActiveCfg = Release|Any CPU
		{843E7659-0623-4A40-A2F8-5376D2BAB0D4}.Release|Any CPU.Build.0 = Release|Any CPU
		{8359C925-A965-4D4B-987D-88E927B54361}.Debug|Any CPU.ActiveCfg = Debug|Any CPU
		{8359C925-A965-4D4B-987D-88E927B54361}.Debug|Any CPU.Build.0 = Debug|Any CPU
		{8359C925-A965-4D4B-987D-88E927B54361}.Release|Any CPU.ActiveCfg = Release|Any CPU
		{8359C925-A965-4D4B-987D-88E927B54361}.Release|Any CPU.Build.0 = Release|Any CPU
		{FEDD4D48-6E01-45A8-A0E7-C95015D8920C}.Debug|Any CPU.ActiveCfg = Debug|Any CPU
		{FEDD4D48-6E01-45A8-A0E7-C95015D8920C}.Debug|Any CPU.Build.0 = Debug|Any CPU
		{FEDD4D48-6E01-45A8-A0E7-C95015D8920C}.Release|Any CPU.ActiveCfg = Release|Any CPU
		{FEDD4D48-6E01-45A8-A0E7-C95015D8920C}.Release|Any CPU.Build.0 = Release|Any CPU
		{F0A8B77C-2C37-4C12-B568-9FAE9AF9C031}.Debug|Any CPU.ActiveCfg = Debug|Any CPU
		{F0A8B77C-2C37-4C12-B568-9FAE9AF9C031}.Debug|Any CPU.Build.0 = Debug|Any CPU
		{F0A8B77C-2C37-4C12-B568-9FAE9AF9C031}.Release|Any CPU.ActiveCfg = Release|Any CPU
		{F0A8B77C-2C37-4C12-B568-9FAE9AF9C031}.Release|Any CPU.Build.0 = Release|Any CPU
		{EC0472E9-9EB8-4C7D-B793-9725909CD3E8}.Debug|Any CPU.ActiveCfg = Debug|Any CPU
		{EC0472E9-9EB8-4C7D-B793-9725909CD3E8}.Debug|Any CPU.Build.0 = Debug|Any CPU
		{EC0472E9-9EB8-4C7D-B793-9725909CD3E8}.Release|Any CPU.ActiveCfg = Release|Any CPU
		{EC0472E9-9EB8-4C7D-B793-9725909CD3E8}.Release|Any CPU.Build.0 = Release|Any CPU
		{4DE8A8A2-1A32-48BF-947E-AB722E7299F5}.Debug|Any CPU.ActiveCfg = Debug|Any CPU
		{4DE8A8A2-1A32-48BF-947E-AB722E7299F5}.Debug|Any CPU.Build.0 = Debug|Any CPU
		{4DE8A8A2-1A32-48BF-947E-AB722E7299F5}.Release|Any CPU.ActiveCfg = Release|Any CPU
		{4DE8A8A2-1A32-48BF-947E-AB722E7299F5}.Release|Any CPU.Build.0 = Release|Any CPU
		{391B21DB-8BE1-4F8E-95A8-38958B5EDF89}.Debug|Any CPU.ActiveCfg = Debug|Any CPU
		{391B21DB-8BE1-4F8E-95A8-38958B5EDF89}.Debug|Any CPU.Build.0 = Debug|Any CPU
		{391B21DB-8BE1-4F8E-95A8-38958B5EDF89}.Release|Any CPU.ActiveCfg = Release|Any CPU
		{391B21DB-8BE1-4F8E-95A8-38958B5EDF89}.Release|Any CPU.Build.0 = Release|Any CPU
		{B7DD9F64-F2BD-4D6D-AC22-E810113BE1D6}.Debug|Any CPU.ActiveCfg = Debug|Any CPU
		{B7DD9F64-F2BD-4D6D-AC22-E810113BE1D6}.Debug|Any CPU.Build.0 = Debug|Any CPU
		{B7DD9F64-F2BD-4D6D-AC22-E810113BE1D6}.Release|Any CPU.ActiveCfg = Release|Any CPU
		{B7DD9F64-F2BD-4D6D-AC22-E810113BE1D6}.Release|Any CPU.Build.0 = Release|Any CPU
		{4470E202-9EE7-4A78-8A92-6AB96236EA1F}.Debug|Any CPU.ActiveCfg = Debug|Any CPU
		{4470E202-9EE7-4A78-8A92-6AB96236EA1F}.Debug|Any CPU.Build.0 = Debug|Any CPU
		{4470E202-9EE7-4A78-8A92-6AB96236EA1F}.Release|Any CPU.ActiveCfg = Release|Any CPU
		{4470E202-9EE7-4A78-8A92-6AB96236EA1F}.Release|Any CPU.Build.0 = Release|Any CPU
		{0916F1FA-9D01-4B2F-90F0-34547DBD61C7}.Debug|Any CPU.ActiveCfg = Debug|Any CPU
		{0916F1FA-9D01-4B2F-90F0-34547DBD61C7}.Debug|Any CPU.Build.0 = Debug|Any CPU
		{0916F1FA-9D01-4B2F-90F0-34547DBD61C7}.Release|Any CPU.ActiveCfg = Release|Any CPU
		{0916F1FA-9D01-4B2F-90F0-34547DBD61C7}.Release|Any CPU.Build.0 = Release|Any CPU
		{9356BD0F-DEF9-45AB-8433-B398B30278FF}.Debug|Any CPU.ActiveCfg = Debug|Any CPU
		{9356BD0F-DEF9-45AB-8433-B398B30278FF}.Debug|Any CPU.Build.0 = Debug|Any CPU
		{9356BD0F-DEF9-45AB-8433-B398B30278FF}.Release|Any CPU.ActiveCfg = Release|Any CPU
		{9356BD0F-DEF9-45AB-8433-B398B30278FF}.Release|Any CPU.Build.0 = Release|Any CPU
		{7F62F7A4-A5D0-4BD9-8F53-EA1524765ACC}.Debug|Any CPU.ActiveCfg = Debug|Any CPU
		{7F62F7A4-A5D0-4BD9-8F53-EA1524765ACC}.Debug|Any CPU.Build.0 = Debug|Any CPU
		{7F62F7A4-A5D0-4BD9-8F53-EA1524765ACC}.Release|Any CPU.ActiveCfg = Release|Any CPU
		{7F62F7A4-A5D0-4BD9-8F53-EA1524765ACC}.Release|Any CPU.Build.0 = Release|Any CPU
		{162CF279-63B8-4EDB-AFF6-52FD64FCCB1B}.Debug|Any CPU.ActiveCfg = Debug|Any CPU
		{162CF279-63B8-4EDB-AFF6-52FD64FCCB1B}.Debug|Any CPU.Build.0 = Debug|Any CPU
		{162CF279-63B8-4EDB-AFF6-52FD64FCCB1B}.Release|Any CPU.ActiveCfg = Release|Any CPU
		{162CF279-63B8-4EDB-AFF6-52FD64FCCB1B}.Release|Any CPU.Build.0 = Release|Any CPU
		{DFF285C3-5681-4648-A4DA-E74B4905F40B}.Debug|Any CPU.ActiveCfg = Debug|Any CPU
		{DFF285C3-5681-4648-A4DA-E74B4905F40B}.Debug|Any CPU.Build.0 = Debug|Any CPU
		{DFF285C3-5681-4648-A4DA-E74B4905F40B}.Release|Any CPU.ActiveCfg = Release|Any CPU
		{DFF285C3-5681-4648-A4DA-E74B4905F40B}.Release|Any CPU.Build.0 = Release|Any CPU
		{7554B2C0-7D65-46C9-AD9D-C864FE58916E}.Debug|Any CPU.ActiveCfg = Debug|Any CPU
		{7554B2C0-7D65-46C9-AD9D-C864FE58916E}.Debug|Any CPU.Build.0 = Debug|Any CPU
		{7554B2C0-7D65-46C9-AD9D-C864FE58916E}.Release|Any CPU.ActiveCfg = Release|Any CPU
		{7554B2C0-7D65-46C9-AD9D-C864FE58916E}.Release|Any CPU.Build.0 = Release|Any CPU
		{6BB3373A-7637-45F8-926A-2BC20CAE8109}.Debug|Any CPU.ActiveCfg = Debug|Any CPU
		{6BB3373A-7637-45F8-926A-2BC20CAE8109}.Debug|Any CPU.Build.0 = Debug|Any CPU
		{6BB3373A-7637-45F8-926A-2BC20CAE8109}.Release|Any CPU.ActiveCfg = Release|Any CPU
		{6BB3373A-7637-45F8-926A-2BC20CAE8109}.Release|Any CPU.Build.0 = Release|Any CPU
		{84E20EE6-4485-4B03-8BD4-4CDDA843BE27}.Debug|Any CPU.ActiveCfg = Debug|Any CPU
		{84E20EE6-4485-4B03-8BD4-4CDDA843BE27}.Debug|Any CPU.Build.0 = Debug|Any CPU
		{84E20EE6-4485-4B03-8BD4-4CDDA843BE27}.Release|Any CPU.ActiveCfg = Release|Any CPU
		{84E20EE6-4485-4B03-8BD4-4CDDA843BE27}.Release|Any CPU.Build.0 = Release|Any CPU
		{81B23E7D-2111-4E3B-BD60-BA2DC860991B}.Debug|Any CPU.ActiveCfg = Debug|Any CPU
		{81B23E7D-2111-4E3B-BD60-BA2DC860991B}.Debug|Any CPU.Build.0 = Debug|Any CPU
		{81B23E7D-2111-4E3B-BD60-BA2DC860991B}.Release|Any CPU.ActiveCfg = Release|Any CPU
		{81B23E7D-2111-4E3B-BD60-BA2DC860991B}.Release|Any CPU.Build.0 = Release|Any CPU
		{22037736-3348-4A6F-8684-1ACAB50DE7E9}.Debug|Any CPU.ActiveCfg = Debug|Any CPU
		{22037736-3348-4A6F-8684-1ACAB50DE7E9}.Debug|Any CPU.Build.0 = Debug|Any CPU
		{22037736-3348-4A6F-8684-1ACAB50DE7E9}.Release|Any CPU.ActiveCfg = Release|Any CPU
		{22037736-3348-4A6F-8684-1ACAB50DE7E9}.Release|Any CPU.Build.0 = Release|Any CPU
		{38651094-65D5-454A-9FAB-70DA5A678015}.Debug|Any CPU.ActiveCfg = Debug|Any CPU
		{38651094-65D5-454A-9FAB-70DA5A678015}.Debug|Any CPU.Build.0 = Debug|Any CPU
		{38651094-65D5-454A-9FAB-70DA5A678015}.Release|Any CPU.ActiveCfg = Release|Any CPU
		{38651094-65D5-454A-9FAB-70DA5A678015}.Release|Any CPU.Build.0 = Release|Any CPU
	EndGlobalSection
	GlobalSection(SolutionProperties) = preSolution
		HideSolutionNode = FALSE
	EndGlobalSection
	GlobalSection(ExtensibilityGlobals) = postSolution
		SolutionGuid = {BD65519E-AE74-405E-830B-7FFA6F5C22BE}
	EndGlobalSection
EndGlobal
